
Microsoft Visual Studio Solution File, Format Version 12.00
# Visual Studio Version 16
VisualStudioVersion = 16.0.29613.14
MinimumVisualStudioVersion = 10.0.40219.1
Project("{888888A0-9F3D-457C-B088-3A5042F75D52}") = "DjangoWebProject5", "DjangoWebProject5.pyproj", "{3A85411F-5A1C-4CCF-8305-AFCAF0D04657}"
EndProject
Global
	GlobalSection(SolutionConfigurationPlatforms) = preSolution
		Debug|Any CPU = Debug|Any CPU
		Release|Any CPU = Release|Any CPU
	EndGlobalSection
	GlobalSection(ProjectConfigurationPlatforms) = postSolution
		{3A85411F-5A1C-4CCF-8305-AFCAF0D04657}.Debug|Any CPU.ActiveCfg = Debug|Any CPU
		{3A85411F-5A1C-4CCF-8305-AFCAF0D04657}.Debug|Any CPU.Build.0 = Debug|Any CPU
		{3A85411F-5A1C-4CCF-8305-AFCAF0D04657}.Release|Any CPU.ActiveCfg = Release|Any CPU
		{3A85411F-5A1C-4CCF-8305-AFCAF0D04657}.Release|Any CPU.Build.0 = Release|Any CPU
	EndGlobalSection
	GlobalSection(SolutionProperties) = preSolution
		HideSolutionNode = FALSE
	EndGlobalSection
	GlobalSection(ExtensibilityGlobals) = postSolution
		SolutionGuid = {063CE8B5-EA9F-4BF7-ACC8-2EBE8B7AF98C}
	EndGlobalSection
EndGlobal
